
Microsoft Visual Studio Solution File, Format Version 12.00
Project("{FAE04EC0-301F-11D3-BF4B-00C04F79EFBC}") = "PJATK-APBD-Cw4-s29766", "PJATK-APBD-Cw4-s29766\PJATK-APBD-Cw4-s29766.csproj", "{A7483DCD-46AE-41FC-A3CD-01591947E6D6}"
EndProject
Global
	GlobalSection(SolutionConfigurationPlatforms) = preSolution
		Debug|Any CPU = Debug|Any CPU
		Release|Any CPU = Release|Any CPU
	EndGlobalSection
	GlobalSection(ProjectConfigurationPlatforms) = postSolution
		{A7483DCD-46AE-41FC-A3CD-01591947E6D6}.Debug|Any CPU.ActiveCfg = Debug|Any CPU
		{A7483DCD-46AE-41FC-A3CD-01591947E6D6}.Debug|Any CPU.Build.0 = Debug|Any CPU
		{A7483DCD-46AE-41FC-A3CD-01591947E6D6}.Release|Any CPU.ActiveCfg = Release|Any CPU
		{A7483DCD-46AE-41FC-A3CD-01591947E6D6}.Release|Any CPU.Build.0 = Release|Any CPU
	EndGlobalSection
EndGlobal
